// !$*UTF8*$!
{
	archiveVersion = 1;
	classes = {
	};
	objectVersion = 56;
	objects = {

/* Begin PBXBuildFile section */
		0806BEF4295B7FFC00F30359 /* orderButtonSwiftUIApp.swift in Sources */ = {isa = PBXBuildFile; fileRef = 0806BEF3295B7FFC00F30359 /* orderButtonSwiftUIApp.swift */; };
		0806BEF6295B7FFC00F30359 /* ContentView.swift in Sources */ = {isa = PBXBuildFile; fileRef = 0806BEF5295B7FFC00F30359 /* ContentView.swift */; };
		0806BEF8295B7FFE00F30359 /* Assets.xcassets in Resources */ = {isa = PBXBuildFile; fileRef = 0806BEF7295B7FFE00F30359 /* Assets.xcassets */; };
		0806BEFB295B7FFE00F30359 /* Preview Assets.xcassets in Resources */ = {isa = PBXBuildFile; fileRef = 0806BEFA295B7FFE00F30359 /* Preview Assets.xcassets */; };
		0806BF02295B8FAC00F30359 /* BreadUIView.swift in Sources */ = {isa = PBXBuildFile; fileRef = 0806BF01295B8FAC00F30359 /* BreadUIView.swift */; };
		085A95C4295B943400CBD030 /* BottomBreadView.swift in Sources */ = {isa = PBXBuildFile; fileRef = 085A95C3295B943400CBD030 /* BottomBreadView.swift */; };
		085A95C6295B9D5B00CBD030 /* CheeseUIView.swift in Sources */ = {isa = PBXBuildFile; fileRef = 085A95C5295B9D5B00CBD030 /* CheeseUIView.swift */; };
/* End PBXBuildFile section */

/* Begin PBXFileReference section */
		0806BEF0295B7FFC00F30359 /* orderButtonSwiftUI.app */ = {isa = PBXFileReference; explicitFileType = wrapper.application; includeInIndex = 0; path = orderButtonSwiftUI.app; sourceTree = BUILT_PRODUCTS_DIR; };
		0806BEF3295B7FFC00F30359 /* orderButtonSwiftUIApp.swift */ = {isa = PBXFileReference; lastKnownFileType = sourcecode.swift; path = orderButtonSwiftUIApp.swift; sourceTree = "<group>"; };
		0806BEF5295B7FFC00F30359 /* ContentView.swift */ = {isa = PBXFileReference; lastKnownFileType = sourcecode.swift; path = ContentView.swift; sourceTree = "<group>"; };
		0806BEF7295B7FFE00F30359 /* Assets.xcassets */ = {isa = PBXFileReference; lastKnownFileType = folder.assetcatalog; path = Assets.xcassets; sourceTree = "<group>"; };
		0806BEFA295B7FFE00F30359 /* Preview Assets.xcassets */ = {isa = PBXFileReference; lastKnownFileType = folder.assetcatalog; path = "Preview Assets.xcassets"; sourceTree = "<group>"; };
		0806BF01295B8FAC00F30359 /* BreadUIView.swift */ = {isa = PBXFileReference; lastKnownFileType = sourcecode.swift; path = BreadUIView.swift; sourceTree = "<group>"; };
		085A95C3295B943400CBD030 /* BottomBreadView.swift */ = {isa = PBXFileReference; lastKnownFileType = sourcecode.swift; path = BottomBreadView.swift; sourceTree = "<group>"; };
		085A95C5295B9D5B00CBD030 /* CheeseUIView.swift */ = {isa = PBXFileReference; lastKnownFileType = sourcecode.swift; path = CheeseUIView.swift; sourceTree = "<group>"; };
/* End PBXFileReference section */

/* Begin PBXFrameworksBuildPhase section */
		0806BEED295B7FFC00F30359 /* Frameworks */ = {
			isa = PBXFrameworksBuildPhase;
			buildActionMask = 2147483647;
			files = (
			);
			runOnlyForDeploymentPostprocessing = 0;
		};
/* End PBXFrameworksBuildPhase section */

/* Begin PBXGroup section */
		0806BEE7295B7FFC00F30359 = {
			isa = PBXGroup;
			children = (
				085A95C5295B9D5B00CBD030 /* CheeseUIView.swift */,
				085A95C3295B943400CBD030 /* BottomBreadView.swift */,
				0806BEF2295B7FFC00F30359 /* orderButtonSwiftUI */,
				0806BEF1295B7FFC00F30359 /* Products */,
			);
			sourceTree = "<group>";
		};
		0806BEF1295B7FFC00F30359 /* Products */ = {
			isa = PBXGroup;
			children = (
				0806BEF0295B7FFC00F30359 /* orderButtonSwiftUI.app */,
			);
			name = Products;
			sourceTree = "<group>";
		};
		0806BEF2295B7FFC00F30359 /* orderButtonSwiftUI */ = {
			isa = PBXGroup;
			children = (
				0806BEF3295B7FFC00F30359 /* orderButtonSwiftUIApp.swift */,
				0806BEF5295B7FFC00F30359 /* ContentView.swift */,
				0806BF01295B8FAC00F30359 /* BreadUIView.swift */,
				0806BEF7295B7FFE00F30359 /* Assets.xcassets */,
				0806BEF9295B7FFE00F30359 /* Preview Content */,
			);
			path = orderButtonSwiftUI;
			sourceTree = "<group>";
		};
		0806BEF9295B7FFE00F30359 /* Preview Content */ = {
			isa = PBXGroup;
			children = (
				0806BEFA295B7FFE00F30359 /* Preview Assets.xcassets */,
			);
			path = "Preview Content";
			sourceTree = "<group>";
		};
/* End PBXGroup section */

/* Begin PBXNativeTarget section */
		0806BEEF295B7FFC00F30359 /* orderButtonSwiftUI */ = {
			isa = PBXNativeTarget;
			buildConfigurationList = 0806BEFE295B7FFE00F30359 /* Build configuration list for PBXNativeTarget "orderButtonSwiftUI" */;
			buildPhases = (
				0806BEEC295B7FFC00F30359 /* Sources */,
				0806BEED295B7FFC00F30359 /* Frameworks */,
				0806BEEE295B7FFC00F30359 /* Resources */,
			);
			buildRules = (
			);
			dependencies = (
			);
			name = orderButtonSwiftUI;
			productName = orderButtonSwiftUI;
			productReference = 0806BEF0295B7FFC00F30359 /* orderButtonSwiftUI.app */;
			productType = "com.apple.product-type.application";
		};
/* End PBXNativeTarget section */

/* Begin PBXProject section */
		0806BEE8295B7FFC00F30359 /* Project object */ = {
			isa = PBXProject;
			attributes = {
				BuildIndependentTargetsInParallel = 1;
				LastSwiftUpdateCheck = 1420;
				LastUpgradeCheck = 1420;
				TargetAttributes = {
					0806BEEF295B7FFC00F30359 = {
						CreatedOnToolsVersion = 14.2;
					};
				};
			};
			buildConfigurationList = 0806BEEB295B7FFC00F30359 /* Build configuration list for PBXProject "orderButtonSwiftUI" */;
			compatibilityVersion = "Xcode 14.0";
			developmentRegion = en;
			hasScannedForEncodings = 0;
			knownRegions = (
				en,
				Base,
			);
			mainGroup = 0806BEE7295B7FFC00F30359;
			productRefGroup = 0806BEF1295B7FFC00F30359 /* Products */;
			projectDirPath = "";
			projectRoot = "";
			targets = (
				0806BEEF295B7FFC00F30359 /* orderButtonSwiftUI */,
			);
		};
/* End PBXProject section */

/* Begin PBXResourcesBuildPhase section */
		0806BEEE295B7FFC00F30359 /* Resources */ = {
			isa = PBXResourcesBuildPhase;
			buildActionMask = 2147483647;
			files = (
				0806BEFB295B7FFE00F30359 /* Preview Assets.xcassets in Resources */,
				0806BEF8295B7FFE00F30359 /* Assets.xcassets in Resources */,
			);
			runOnlyForDeploymentPostprocessing = 0;
		};
/* End PBXResourcesBuildPhase section */

/* Begin PBXSourcesBuildPhase section */
		0806BEEC295B7FFC00F30359 /* Sources */ = {
			isa = PBXSourcesBuildPhase;
			buildActionMask = 2147483647;
			files = (
				0806BEF6295B7FFC00F30359 /* ContentView.swift in Sources */,
				085A95C6295B9D5B00CBD030 /* CheeseUIView.swift in Sources */,
				0806BEF4295B7FFC00F30359 /* orderButtonSwiftUIApp.swift in Sources */,
				085A95C4295B943400CBD030 /* BottomBreadView.swift in Sources */,
				0806BF02295B8FAC00F30359 /* BreadUIView.swift in Sources */,
			);
			runOnlyForDeploymentPostprocessing = 0;
		};
/* End PBXSourcesBuildPhase section */

/* Begin XCBuildConfiguration section */
		0806BEFC295B7FFE00F30359 /* Debug */ = {
			isa = XCBuildConfiguration;
			buildSettings = {
				ALWAYS_SEARCH_USER_PATHS = NO;
				CLANG_ANALYZER_NONNULL = YES;
				CLANG_ANALYZER_NUMBER_OBJECT_CONVERSION = YES_AGGRESSIVE;
				CLANG_CXX_LANGUAGE_STANDARD = "gnu++20";
				CLANG_ENABLE_MODULES = YES;
				CLANG_ENABLE_OBJC_ARC = YES;
				CLANG_ENABLE_OBJC_WEAK = YES;
				CLANG_WARN_BLOCK_CAPTURE_AUTORELEASING = YES;
				CLANG_WARN_BOOL_CONVERSION = YES;
				CLANG_WARN_COMMA = YES;
				CLANG_WARN_CONSTANT_CONVERSION = YES;
				CLANG_WARN_DEPRECATED_OBJC_IMPLEMENTATIONS = YES;
				CLANG_WARN_DIRECT_OBJC_ISA_USAGE = YES_ERROR;
				CLANG_WARN_DOCUMENTATION_COMMENTS = YES;
				CLANG_WARN_EMPTY_BODY = YES;
				CLANG_WARN_ENUM_CONVERSION = YES;
				CLANG_WARN_INFINITE_RECURSION = YES;
				CLANG_WARN_INT_CONVERSION = YES;
				CLANG_WARN_NON_LITERAL_NULL_CONVERSION = YES;
				CLANG_WARN_OBJC_IMPLICIT_RETAIN_SELF = YES;
				CLANG_WARN_OBJC_LITERAL_CONVERSION = YES;
				CLANG_WARN_OBJC_ROOT_CLASS = YES_ERROR;
				CLANG_WARN_QUOTED_INCLUDE_IN_FRAMEWORK_HEADER = YES;
				CLANG_WARN_RANGE_LOOP_ANALYSIS = YES;
				CLANG_WARN_STRICT_PROTOTYPES = YES;
				CLANG_WARN_SUSPICIOUS_MOVE = YES;
				CLANG_WARN_UNGUARDED_AVAILABILITY = YES_AGGRESSIVE;
				CLANG_WARN_UNREACHABLE_CODE = YES;
				CLANG_WARN__DUPLICATE_METHOD_MATCH = YES;
				COPY_PHASE_STRIP = NO;
				DEBUG_INFORMATION_FORMAT = dwarf;
				ENABLE_STRICT_OBJC_MSGSEND = YES;
				ENABLE_TESTABILITY = YES;
				GCC_C_LANGUAGE_STANDARD = gnu11;
				GCC_DYNAMIC_NO_PIC = NO;
				GCC_NO_COMMON_BLOCKS = YES;
				GCC_OPTIMIZATION_LEVEL = 0;
				GCC_PREPROCESSOR_DEFINITIONS = (
					"DEBUG=1",
					"$(inherited)",
				);
				GCC_WARN_64_TO_32_BIT_CONVERSION = YES;
				GCC_WARN_ABOUT_RETURN_TYPE = YES_ERROR;
				GCC_WARN_UNDECLARED_SELECTOR = YES;
				GCC_WARN_UNINITIALIZED_AUTOS = YES_AGGRESSIVE;
				GCC_WARN_UNUSED_FUNCTION = YES;
				GCC_WARN_UNUSED_VARIABLE = YES;
				IPHONEOS_DEPLOYMENT_TARGET = 16.2;
				MTL_ENABLE_DEBUG_INFO = INCLUDE_SOURCE;
				MTL_FAST_MATH = YES;
				ONLY_ACTIVE_ARCH = YES;
				SDKROOT = iphoneos;
				SWIFT_ACTIVE_COMPILATION_CONDITIONS = DEBUG;
				SWIFT_OPTIMIZATION_LEVEL = "-Onone";
			};
			name = Debug;
		};
		0806BEFD295B7FFE00F30359 /* Release */ = {
			isa = XCBuildConfiguration;
			buildSettings = {
				ALWAYS_SEARCH_USER_PATHS = NO;
				CLANG_ANALYZER_NONNULL = YES;
				CLANG_ANALYZER_NUMBER_OBJECT_CONVERSION = YES_AGGRESSIVE;
				CLANG_CXX_LANGUAGE_STANDARD = "gnu++20";
				CLANG_ENABLE_MODULES = YES;
				CLANG_ENABLE_OBJC_ARC = YES;
				CLANG_ENABLE_OBJC_WEAK = YES;
				CLANG_WARN_BLOCK_CAPTURE_AUTORELEASING = YES;
				CLANG_WARN_BOOL_CONVERSION = YES;
				CLANG_WARN_COMMA = YES;
				CLANG_WARN_CONSTANT_CONVERSION = YES;
				CLANG_WARN_DEPRECATED_OBJC_IMPLEMENTATIONS = YES;
				CLANG_WARN_DIRECT_OBJC_ISA_USAGE = YES_ERROR;
				CLANG_WARN_DOCUMENTATION_COMMENTS = YES;
				CLANG_WARN_EMPTY_BODY = YES;
				CLANG_WARN_ENUM_CONVERSION = YES;
				CLANG_WARN_INFINITE_RECURSION = YES;
				CLANG_WARN_INT_CONVERSION = YES;
				CLANG_WARN_NON_LITERAL_NULL_CONVERSION = YES;
				CLANG_WARN_OBJC_IMPLICIT_RETAIN_SELF = YES;
				CLANG_WARN_OBJC_LITERAL_CONVERSION = YES;
				CLANG_WARN_OBJC_ROOT_CLASS = YES_ERROR;
				CLANG_WARN_QUOTED_INCLUDE_IN_FRAMEWORK_HEADER = YES;
				CLANG_WARN_RANGE_LOOP_ANALYSIS = YES;
				CLANG_WARN_STRICT_PROTOTYPES = YES;
				CLANG_WARN_SUSPICIOUS_MOVE = YES;
				CLANG_WARN_UNGUARDED_AVAILABILITY = YES_AGGRESSIVE;
				CLANG_WARN_UNREACHABLE_CODE = YES;
				CLANG_WARN__DUPLICATE_METHOD_MATCH = YES;
				COPY_PHASE_STRIP = NO;
				DEBUG_INFORMATION_FORMAT = "dwarf-with-dsym";
				ENABLE_NS_ASSERTIONS = NO;
				ENABLE_STRICT_OBJC_MSGSEND = YES;
				GCC_C_LANGUAGE_STANDARD = gnu11;
				GCC_NO_COMMON_BLOCKS = YES;
				GCC_WARN_64_TO_32_BIT_CONVERSION = YES;
				GCC_WARN_ABOUT_RETURN_TYPE = YES_ERROR;
				GCC_WARN_UNDECLARED_SELECTOR = YES;
				GCC_WARN_UNINITIALIZED_AUTOS = YES_AGGRESSIVE;
				GCC_WARN_UNUSED_FUNCTION = YES;
				GCC_WARN_UNUSED_VARIABLE = YES;
				IPHONEOS_DEPLOYMENT_TARGET = 16.2;
				MTL_ENABLE_DEBUG_INFO = NO;
				MTL_FAST_MATH = YES;
				SDKROOT = iphoneos;
				SWIFT_COMPILATION_MODE = wholemodule;
				SWIFT_OPTIMIZATION_LEVEL = "-O";
				VALIDATE_PRODUCT = YES;
			};
			name = Release;
		};
		0806BEFF295B7FFE00F30359 /* Debug */ = {
			isa = XCBuildConfiguration;
			buildSettings = {
				ASSETCATALOG_COMPILER_APPICON_NAME = AppIcon;
				ASSETCATALOG_COMPILER_GLOBAL_ACCENT_COLOR_NAME = AccentColor;
				CODE_SIGN_STYLE = Automatic;
				CURRENT_PROJECT_VERSION = 1;
				DEVELOPMENT_ASSET_PATHS = "\"orderButtonSwiftUI/Preview Content\"";
				DEVELOPMENT_TEAM = U5GTXVYV6H;
				ENABLE_PREVIEWS = YES;
				GENERATE_INFOPLIST_FILE = YES;
				INFOPLIST_KEY_UIApplicationSceneManifest_Generation = YES;
				INFOPLIST_KEY_UIApplicationSupportsIndirectInputEvents = YES;
				INFOPLIST_KEY_UILaunchScreen_Generation = YES;
				INFOPLIST_KEY_UISupportedInterfaceOrientations_iPad = "UIInterfaceOrientationPortrait UIInterfaceOrientationPortraitUpsideDown UIInterfaceOrientationLandscapeLeft UIInterfaceOrientationLandscapeRight";
				INFOPLIST_KEY_UISupportedInterfaceOrientations_iPhone = "UIInterfaceOrientationPortrait UIInterfaceOrientationLandscapeLeft UIInterfaceOrientationLandscapeRight";
				LD_RUNPATH_SEARCH_PATHS = (
					"$(inherited)",
					"@executable_path/Frameworks",
				);
				MARKETING_VERSION = 1.0;
				PRODUCT_BUNDLE_IDENTIFIER = chechen.orderButtonSwiftUI;
				PRODUCT_NAME = "$(TARGET_NAME)";
				SWIFT_EMIT_LOC_STRINGS = YES;
				SWIFT_VERSION = 5.0;
				TARGETED_DEVICE_FAMILY = "1,2";
			};
			name = Debug;
		};
		0806BF00295B7FFE00F30359 /* Release */ = {
			isa = XCBuildConfiguration;
			buildSettings = {
				ASSETCATALOG_COMPILER_APPICON_NAME = AppIcon;
				ASSETCATALOG_COMPILER_GLOBAL_ACCENT_COLOR_NAME = AccentColor;
				CODE_SIGN_STYLE = Automatic;
				CURRENT_PROJECT_VERSION = 1;
				DEVELOPMENT_ASSET_PATHS = "\"orderButtonSwiftUI/Preview Content\"";
				DEVELOPMENT_TEAM = U5GTXVYV6H;
				ENABLE_PREVIEWS = YES;
				GENERATE_INFOPLIST_FILE = YES;
				INFOPLIST_KEY_UIApplicationSceneManifest_Generation = YES;
				INFOPLIST_KEY_UIApplicationSupportsIndirectInputEvents = YES;
				INFOPLIST_KEY_UILaunchScreen_Generation = YES;
				INFOPLIST_KEY_UISupportedInterfaceOrientations_iPad = "UIInterfaceOrientationPortrait UIInterfaceOrientationPortraitUpsideDown UIInterfaceOrientationLandscapeLeft UIInterfaceOrientationLandscapeRight";
				INFOPLIST_KEY_UISupportedInterfaceOrientations_iPhone = "UIInterfaceOrientationPortrait UIInterfaceOrientationLandscapeLeft UIInterfaceOrientationLandscapeRight";
				LD_RUNPATH_SEARCH_PATHS = (
					"$(inherited)",
					"@executable_path/Frameworks",
				);
				MARKETING_VERSION = 1.0;
				PRODUCT_BUNDLE_IDENTIFIER = chechen.orderButtonSwiftUI;
				PRODUCT_NAME = "$(TARGET_NAME)";
				SWIFT_EMIT_LOC_STRINGS = YES;
				SWIFT_VERSION = 5.0;
				TARGETED_DEVICE_FAMILY = "1,2";
			};
			name = Release;
		};
/* End XCBuildConfiguration section */

/* Begin XCConfigurationList section */
		0806BEEB295B7FFC00F30359 /* Build configuration list for PBXProject "orderButtonSwiftUI" */ = {
			isa = XCConfigurationList;
			buildConfigurations = (
				0806BEFC295B7FFE00F30359 /* Debug */,
				0806BEFD295B7FFE00F30359 /* Release */,
			);
			defaultConfigurationIsVisible = 0;
			defaultConfigurationName = Release;
		};
		0806BEFE295B7FFE00F30359 /* Build configuration list for PBXNativeTarget "orderButtonSwiftUI" */ = {
			isa = XCConfigurationList;
			buildConfigurations = (
				0806BEFF295B7FFE00F30359 /* Debug */,
				0806BF00295B7FFE00F30359 /* Release */,
			);
			defaultConfigurationIsVisible = 0;
			defaultConfigurationName = Release;
		};
/* End XCConfigurationList section */
	};
	rootObject = 0806BEE8295B7FFC00F30359 /* Project object */;
}
